
Microsoft Visual Studio Solution File, Format Version 12.00
# Visual Studio Express 14 for Web
VisualStudioVersion = 14.0.24720.0
MinimumVisualStudioVersion = 10.0.40219.1
Project("{FAE04EC0-301F-11D3-BF4B-00C04F79EFBC}") = "CommonsTests", "CommonsTests\CommonsTests.csproj", "{02A5F706-A9AC-46BE-A428-EA6F990D8E21}"
EndProject
Project("{2150E333-8FDC-42A3-9474-1A3956D46DE8}") = "UnitTests", "UnitTests", "{A312FDEF-B727-4240-815D-ED1A7D6D2120}"
EndProject
Project("{FAE04EC0-301F-11D3-BF4B-00C04F79EFBC}") = "GeometryTests", "GeometryTests\GeometryTests.csproj", "{C461823B-E5CA-4AB1-91A6-8DE8A4AEB157}"
EndProject
Project("{FAE04EC0-301F-11D3-BF4B-00C04F79EFBC}") = "Illias", "Illias\Illias.csproj", "{23D37453-2D4E-4BD8-B40F-3E731FEE7712}"
EndProject
Global
	GlobalSection(SolutionConfigurationPlatforms) = preSolution
		Debug|Any CPU = Debug|Any CPU
		Release|Any CPU = Release|Any CPU
	EndGlobalSection
	GlobalSection(ProjectConfigurationPlatforms) = postSolution
		{02A5F706-A9AC-46BE-A428-EA6F990D8E21}.Debug|Any CPU.ActiveCfg = Debug|Any CPU
		{02A5F706-A9AC-46BE-A428-EA6F990D8E21}.Debug|Any CPU.Build.0 = Debug|Any CPU
		{02A5F706-A9AC-46BE-A428-EA6F990D8E21}.Release|Any CPU.ActiveCfg = Release|Any CPU
		{02A5F706-A9AC-46BE-A428-EA6F990D8E21}.Release|Any CPU.Build.0 = Release|Any CPU
		{C461823B-E5CA-4AB1-91A6-8DE8A4AEB157}.Debug|Any CPU.ActiveCfg = Debug|Any CPU
		{C461823B-E5CA-4AB1-91A6-8DE8A4AEB157}.Debug|Any CPU.Build.0 = Debug|Any CPU
		{C461823B-E5CA-4AB1-91A6-8DE8A4AEB157}.Release|Any CPU.ActiveCfg = Release|Any CPU
		{C461823B-E5CA-4AB1-91A6-8DE8A4AEB157}.Release|Any CPU.Build.0 = Release|Any CPU
		{23D37453-2D4E-4BD8-B40F-3E731FEE7712}.Debug|Any CPU.ActiveCfg = Debug|Any CPU
		{23D37453-2D4E-4BD8-B40F-3E731FEE7712}.Debug|Any CPU.Build.0 = Debug|Any CPU
		{23D37453-2D4E-4BD8-B40F-3E731FEE7712}.Release|Any CPU.ActiveCfg = Release|Any CPU
		{23D37453-2D4E-4BD8-B40F-3E731FEE7712}.Release|Any CPU.Build.0 = Release|Any CPU
	EndGlobalSection
	GlobalSection(SolutionProperties) = preSolution
		HideSolutionNode = FALSE
	EndGlobalSection
	GlobalSection(NestedProjects) = preSolution
		{02A5F706-A9AC-46BE-A428-EA6F990D8E21} = {A312FDEF-B727-4240-815D-ED1A7D6D2120}
		{C461823B-E5CA-4AB1-91A6-8DE8A4AEB157} = {A312FDEF-B727-4240-815D-ED1A7D6D2120}
	EndGlobalSection
EndGlobal
